
Microsoft Visual Studio Solution File, Format Version 12.00
# Visual Studio Version 17
VisualStudioVersion = 17.3.32929.385
MinimumVisualStudioVersion = 10.0.40219.1
Project("{FAE04EC0-301F-11D3-BF4B-00C04F79EFBC}") = "Asp_task2", "Asp_task2\Asp_task2.csproj", "{53181AA4-AE2E-45C4-9422-192BFF5549EB}"
EndProject
Global
	GlobalSection(SolutionConfigurationPlatforms) = preSolution
		Debug|Any CPU = Debug|Any CPU
		Release|Any CPU = Release|Any CPU
	EndGlobalSection
	GlobalSection(ProjectConfigurationPlatforms) = postSolution
		{53181AA4-AE2E-45C4-9422-192BFF5549EB}.Debug|Any CPU.ActiveCfg = Debug|Any CPU
		{53181AA4-AE2E-45C4-9422-192BFF5549EB}.Debug|Any CPU.Build.0 = Debug|Any CPU
		{53181AA4-AE2E-45C4-9422-192BFF5549EB}.Release|Any CPU.ActiveCfg = Release|Any CPU
		{53181AA4-AE2E-45C4-9422-192BFF5549EB}.Release|Any CPU.Build.0 = Release|Any CPU
	EndGlobalSection
	GlobalSection(SolutionProperties) = preSolution
		HideSolutionNode = FALSE
	EndGlobalSection
	GlobalSection(ExtensibilityGlobals) = postSolution
		SolutionGuid = {D6649A50-C4FA-46FB-98D3-AD08201F8625}
	EndGlobalSection
EndGlobal
